{
    "name": "@innotrade/enapso-logger",
    "version": "0.0.5",
    "lockfileVersion": 1,
    "requires": true,
    "dependencies": {
        "@innotrade/enapso-args": {
            "version": "1.0.0",
            "resolved": "https://registry.npmjs.org/@innotrade/enapso-args/-/enapso-args-1.0.0.tgz",
            "integrity": "sha512-ugWGlkV3PFppAuWw238fxZoJ2xkeNHgVugq7trDyGQCExYymFFcs6u4bR8OghbTAaKVHJXRiUX0zf2u3SFDEzA=="
        }
    }
}
